# THIS IS AN AUTOGENERATED FILE. DO NOT EDIT THIS FILE DIRECTLY.
# yarn lockfile v1


react-native-browser-polyfills@^1.0.0:
  version "1.0.0"
  resolved "https://registry.yarnpkg.com/react-native-browser-polyfills/-/react-native-browser-polyfills-1.0.0.tgz#5c4b5e8ff0856e8ff5788b1746f93b511109612d"
  dependencies:
    react-native-sync-localstorage "0.0.3"

react-native-sync-localstorage@0.0.3:
  version "0.0.3"
  resolved "https://registry.yarnpkg.com/react-native-sync-localstorage/-/react-native-sync-localstorage-0.0.3.tgz#1f317b41241eeb423daca8631582a475d6f7d53c"
